
Microsoft Visual Studio Solution File, Format Version 12.00
# Visual Studio Version 17
VisualStudioVersion = 17.6.33712.159
MinimumVisualStudioVersion = 10.0.40219.1
Project("{9A19103F-16F7-4668-BE54-9A1E7A4F7556}") = "EmptyMVCShop01", "EmptyMVCShop01.csproj", "{28D5DD4A-692E-4FE5-81C2-32257F8E0A49}"
EndProject
Project("{FAE04EC0-301F-11D3-BF4B-00C04F79EFBC}") = "EmptyMVCShop01Tests", "..\EmptyMVCShop01Tests\EmptyMVCShop01Tests.csproj", "{BBC6C442-510E-4D8A-BDCF-C9A3B1DBFB47}"
EndProject
Global
	GlobalSection(SolutionConfigurationPlatforms) = preSolution
		Debug|Any CPU = Debug|Any CPU
		Release|Any CPU = Release|Any CPU
	EndGlobalSection
	GlobalSection(ProjectConfigurationPlatforms) = postSolution
		{28D5DD4A-692E-4FE5-81C2-32257F8E0A49}.Debug|Any CPU.ActiveCfg = Debug|Any CPU
		{28D5DD4A-692E-4FE5-81C2-32257F8E0A49}.Debug|Any CPU.Build.0 = Debug|Any CPU
		{28D5DD4A-692E-4FE5-81C2-32257F8E0A49}.Release|Any CPU.ActiveCfg = Release|Any CPU
		{28D5DD4A-692E-4FE5-81C2-32257F8E0A49}.Release|Any CPU.Build.0 = Release|Any CPU
		{BBC6C442-510E-4D8A-BDCF-C9A3B1DBFB47}.Debug|Any CPU.ActiveCfg = Debug|Any CPU
		{BBC6C442-510E-4D8A-BDCF-C9A3B1DBFB47}.Debug|Any CPU.Build.0 = Debug|Any CPU
		{BBC6C442-510E-4D8A-BDCF-C9A3B1DBFB47}.Release|Any CPU.ActiveCfg = Release|Any CPU
		{BBC6C442-510E-4D8A-BDCF-C9A3B1DBFB47}.Release|Any CPU.Build.0 = Release|Any CPU
	EndGlobalSection
	GlobalSection(SolutionProperties) = preSolution
		HideSolutionNode = FALSE
	EndGlobalSection
	GlobalSection(ExtensibilityGlobals) = postSolution
		SolutionGuid = {CBE337DD-31E8-46B2-A96A-61FCE9E4D34C}
	EndGlobalSection
EndGlobal
